
Microsoft Visual Studio Solution File, Format Version 12.00
# Visual Studio 15
VisualStudioVersion = 15.0.28010.2019
MinimumVisualStudioVersion = 10.0.40219.1
Project("{8BC9CEB8-8B4A-11D0-8D11-00A0C91BC942}") = "DataStructuresUnitTests", "DataStructuresUnitTests\DataStructuresUnitTests.vcxproj", "{7B5D88C5-CB86-4371-A193-2561651B90DC}"
EndProject
Project("{8BC9CEB8-8B4A-11D0-8D11-00A0C91BC942}") = "MyDataStructures", "MyDataStructures\MyDataStructures.vcxproj", "{5C851838-186E-4F31-BD74-7DDCC68C6266}"
EndProject
Project("{8BC9CEB8-8B4A-11D0-8D11-00A0C91BC942}") = "MyDataStructuresUnitTests", "MyDataStructuresUnitTests\MyDataStructuresUnitTests.vcxproj", "{BFB7BFD7-C116-409D-A54C-F3ADBE81A15C}"
EndProject
Project("{8BC9CEB8-8B4A-11D0-8D11-00A0C91BC942}") = "DesignPatterns", "DesignPatterns\DesignPatterns.vcxproj", "{5B4349F5-FC2B-4B1E-AC24-304765AC01BB}"
EndProject
Project("{8BC9CEB8-8B4A-11D0-8D11-00A0C91BC942}") = "DesignPatternsTests", "DesignPatternsTests\DesignPatternsTests.vcxproj", "{18494B63-3F29-4261-AD5D-A990BC9FA9CD}"
EndProject
Global
	GlobalSection(SolutionConfigurationPlatforms) = preSolution
		Debug|x64 = Debug|x64
		Debug|x86 = Debug|x86
		Release|x64 = Release|x64
		Release|x86 = Release|x86
	EndGlobalSection
	GlobalSection(ProjectConfigurationPlatforms) = postSolution
		{7B5D88C5-CB86-4371-A193-2561651B90DC}.Debug|x64.ActiveCfg = Debug|x64
		{7B5D88C5-CB86-4371-A193-2561651B90DC}.Debug|x64.Build.0 = Debug|x64
		{7B5D88C5-CB86-4371-A193-2561651B90DC}.Debug|x86.ActiveCfg = Debug|Win32
		{7B5D88C5-CB86-4371-A193-2561651B90DC}.Debug|x86.Build.0 = Debug|Win32
		{7B5D88C5-CB86-4371-A193-2561651B90DC}.Release|x64.ActiveCfg = Release|x64
		{7B5D88C5-CB86-4371-A193-2561651B90DC}.Release|x64.Build.0 = Release|x64
		{7B5D88C5-CB86-4371-A193-2561651B90DC}.Release|x86.ActiveCfg = Release|Win32
		{7B5D88C5-CB86-4371-A193-2561651B90DC}.Release|x86.Build.0 = Release|Win32
		{5C851838-186E-4F31-BD74-7DDCC68C6266}.Debug|x64.ActiveCfg = Debug|x64
		{5C851838-186E-4F31-BD74-7DDCC68C6266}.Debug|x64.Build.0 = Debug|x64
		{5C851838-186E-4F31-BD74-7DDCC68C6266}.Debug|x86.ActiveCfg = Debug|Win32
		{5C851838-186E-4F31-BD74-7DDCC68C6266}.Debug|x86.Build.0 = Debug|Win32
		{5C851838-186E-4F31-BD74-7DDCC68C6266}.Release|x64.ActiveCfg = Release|x64
		{5C851838-186E-4F31-BD74-7DDCC68C6266}.Release|x64.Build.0 = Release|x64
		{5C851838-186E-4F31-BD74-7DDCC68C6266}.Release|x86.ActiveCfg = Release|Win32
		{5C851838-186E-4F31-BD74-7DDCC68C6266}.Release|x86.Build.0 = Release|Win32
		{BFB7BFD7-C116-409D-A54C-F3ADBE81A15C}.Debug|x64.ActiveCfg = Debug|x64
		{BFB7BFD7-C116-409D-A54C-F3ADBE81A15C}.Debug|x64.Build.0 = Debug|x64
		{BFB7BFD7-C116-409D-A54C-F3ADBE81A15C}.Debug|x86.ActiveCfg = Debug|Win32
		{BFB7BFD7-C116-409D-A54C-F3ADBE81A15C}.Debug|x86.Build.0 = Debug|Win32
		{BFB7BFD7-C116-409D-A54C-F3ADBE81A15C}.Release|x64.ActiveCfg = Release|x64
		{BFB7BFD7-C116-409D-A54C-F3ADBE81A15C}.Release|x64.Build.0 = Release|x64
		{BFB7BFD7-C116-409D-A54C-F3ADBE81A15C}.Release|x86.ActiveCfg = Release|Win32
		{BFB7BFD7-C116-409D-A54C-F3ADBE81A15C}.Release|x86.Build.0 = Release|Win32
		{5B4349F5-FC2B-4B1E-AC24-304765AC01BB}.Debug|x64.ActiveCfg = Debug|x64
		{5B4349F5-FC2B-4B1E-AC24-304765AC01BB}.Debug|x64.Build.0 = Debug|x64
		{5B4349F5-FC2B-4B1E-AC24-304765AC01BB}.Debug|x86.ActiveCfg = Debug|Win32
		{5B4349F5-FC2B-4B1E-AC24-304765AC01BB}.Debug|x86.Build.0 = Debug|Win32
		{5B4349F5-FC2B-4B1E-AC24-304765AC01BB}.Release|x64.ActiveCfg = Release|x64
		{5B4349F5-FC2B-4B1E-AC24-304765AC01BB}.Release|x64.Build.0 = Release|x64
		{5B4349F5-FC2B-4B1E-AC24-304765AC01BB}.Release|x86.ActiveCfg = Release|Win32
		{5B4349F5-FC2B-4B1E-AC24-304765AC01BB}.Release|x86.Build.0 = Release|Win32
		{18494B63-3F29-4261-AD5D-A990BC9FA9CD}.Debug|x64.ActiveCfg = Debug|x64
		{18494B63-3F29-4261-AD5D-A990BC9FA9CD}.Debug|x64.Build.0 = Debug|x64
		{18494B63-3F29-4261-AD5D-A990BC9FA9CD}.Debug|x86.ActiveCfg = Debug|Win32
		{18494B63-3F29-4261-AD5D-A990BC9FA9CD}.Debug|x86.Build.0 = Debug|Win32
		{18494B63-3F29-4261-AD5D-A990BC9FA9CD}.Release|x64.ActiveCfg = Release|x64
		{18494B63-3F29-4261-AD5D-A990BC9FA9CD}.Release|x64.Build.0 = Release|x64
		{18494B63-3F29-4261-AD5D-A990BC9FA9CD}.Release|x86.ActiveCfg = Release|Win32
		{18494B63-3F29-4261-AD5D-A990BC9FA9CD}.Release|x86.Build.0 = Release|Win32
	EndGlobalSection
	GlobalSection(SolutionProperties) = preSolution
		HideSolutionNode = FALSE
	EndGlobalSection
	GlobalSection(ExtensibilityGlobals) = postSolution
		SolutionGuid = {EC9355D4-A4CF-4654-AF48-4EE8CFDFC3E0}
	EndGlobalSection
EndGlobal
